
Microsoft Visual Studio Solution File, Format Version 12.00
# Visual Studio Version 16
VisualStudioVersion = 16.0.30517.126
MinimumVisualStudioVersion = 10.0.40219.1
Project("{FAE04EC0-301F-11D3-BF4B-00C04F79EFBC}") = "RuralSourcing", "RuralSourcing\RuralSourcing.csproj", "{3D95CD78-FCED-4498-801A-B086FB8A875A}"
EndProject
Project("{2150E333-8FDC-42A3-9474-1A3956D46DE8}") = "Solution Items", "Solution Items", "{E16CE7CE-E797-4269-AC77-5E766EB11797}"
EndProject
Project("{FAE04EC0-301F-11D3-BF4B-00C04F79EFBC}") = "TestRuralSourcing", "TestRuralSourcing\TestRuralSourcing.csproj", "{6D4D1A55-32E5-4DC2-AF2C-C2C79057FB64}"
EndProject
Global
	GlobalSection(SolutionConfigurationPlatforms) = preSolution
		Debug|Any CPU = Debug|Any CPU
		Release|Any CPU = Release|Any CPU
	EndGlobalSection
	GlobalSection(ProjectConfigurationPlatforms) = postSolution
		{3D95CD78-FCED-4498-801A-B086FB8A875A}.Debug|Any CPU.ActiveCfg = Debug|Any CPU
		{3D95CD78-FCED-4498-801A-B086FB8A875A}.Debug|Any CPU.Build.0 = Debug|Any CPU
		{3D95CD78-FCED-4498-801A-B086FB8A875A}.Release|Any CPU.ActiveCfg = Release|Any CPU
		{3D95CD78-FCED-4498-801A-B086FB8A875A}.Release|Any CPU.Build.0 = Release|Any CPU
		{6D4D1A55-32E5-4DC2-AF2C-C2C79057FB64}.Debug|Any CPU.ActiveCfg = Debug|Any CPU
		{6D4D1A55-32E5-4DC2-AF2C-C2C79057FB64}.Debug|Any CPU.Build.0 = Debug|Any CPU
		{6D4D1A55-32E5-4DC2-AF2C-C2C79057FB64}.Release|Any CPU.ActiveCfg = Release|Any CPU
		{6D4D1A55-32E5-4DC2-AF2C-C2C79057FB64}.Release|Any CPU.Build.0 = Release|Any CPU
	EndGlobalSection
	GlobalSection(SolutionProperties) = preSolution
		HideSolutionNode = FALSE
	EndGlobalSection
	GlobalSection(ExtensibilityGlobals) = postSolution
		SolutionGuid = {26879B67-AEC7-4207-ACEE-BBD2782A964D}
	EndGlobalSection
EndGlobal
